// !$*UTF8*$!
{
	archiveVersion = 1;
	classes = {
	};
	objectVersion = 46;
	objects = {

/* Begin PBXBuildFile section */
		C2009FE61BA1915D006377DD /* AppDelegate.swift in Sources */ = {isa = PBXBuildFile; fileRef = C2009FE51BA1915D006377DD /* AppDelegate.swift */; };
		C2009FE81BA1915D006377DD /* ViewController.swift in Sources */ = {isa = PBXBuildFile; fileRef = C2009FE71BA1915D006377DD /* ViewController.swift */; };
		C2009FEB1BA1915E006377DD /* Main.storyboard in Resources */ = {isa = PBXBuildFile; fileRef = C2009FE91BA1915E006377DD /* Main.storyboard */; };
		C2009FED1BA1915E006377DD /* Images.xcassets in Resources */ = {isa = PBXBuildFile; fileRef = C2009FEC1BA1915E006377DD /* Images.xcassets */; };
		C2009FF01BA1915E006377DD /* LaunchScreen.xib in Resources */ = {isa = PBXBuildFile; fileRef = C2009FEE1BA1915E006377DD /* LaunchScreen.xib */; };
		C2009FFC1BA1915E006377DD /* Hola_mundoTests.swift in Sources */ = {isa = PBXBuildFile; fileRef = C2009FFB1BA1915E006377DD /* Hola_mundoTests.swift */; };
/* End PBXBuildFile section */

/* Begin PBXContainerItemProxy section */
		C2009FF61BA1915E006377DD /* PBXContainerItemProxy */ = {
			isa = PBXContainerItemProxy;
			containerPortal = C2009FD81BA1915D006377DD /* Project object */;
			proxyType = 1;
			remoteGlobalIDString = C2009FDF1BA1915D006377DD;
			remoteInfo = "Hola mundo";
		};
/* End PBXContainerItemProxy section */

/* Begin PBXFileReference section */
		C2009FE01BA1915D006377DD /* Hola mundo.app */ = {isa = PBXFileReference; explicitFileType = wrapper.application; includeInIndex = 0; path = "Hola mundo.app"; sourceTree = BUILT_PRODUCTS_DIR; };
		C2009FE41BA1915D006377DD /* Info.plist */ = {isa = PBXFileReference; lastKnownFileType = text.plist.xml; path = Info.plist; sourceTree = "<group>"; };
		C2009FE51BA1915D006377DD /* AppDelegate.swift */ = {isa = PBXFileReference; lastKnownFileType = sourcecode.swift; path = AppDelegate.swift; sourceTree = "<group>"; };
		C2009FE71BA1915D006377DD /* ViewController.swift */ = {isa = PBXFileReference; lastKnownFileType = sourcecode.swift; path = ViewController.swift; sourceTree = "<group>"; };
		C2009FEA1BA1915E006377DD /* Base */ = {isa = PBXFileReference; lastKnownFileType = file.storyboard; name = Base; path = Base.lproj/Main.storyboard; sourceTree = "<group>"; };
		C2009FEC1BA1915E006377DD /* Images.xcassets */ = {isa = PBXFileReference; lastKnownFileType = folder.assetcatalog; path = Images.xcassets; sourceTree = "<group>"; };
		C2009FEF1BA1915E006377DD /* Base */ = {isa = PBXFileReference; lastKnownFileType = file.xib; name = Base; path = Base.lproj/LaunchScreen.xib; sourceTree = "<group>"; };
		C2009FF51BA1915E006377DD /* Hola mundoTests.xctest */ = {isa = PBXFileReference; explicitFileType = wrapper.cfbundle; includeInIndex = 0; path = "Hola mundoTests.xctest"; sourceTree = BUILT_PRODUCTS_DIR; };
		C2009FFA1BA1915E006377DD /* Info.plist */ = {isa = PBXFileReference; lastKnownFileType = text.plist.xml; path = Info.plist; sourceTree = "<group>"; };
		C2009FFB1BA1915E006377DD /* Hola_mundoTests.swift */ = {isa = PBXFileReference; lastKnownFileType = sourcecode.swift; path = Hola_mundoTests.swift; sourceTree = "<group>"; };
/* End PBXFileReference section */

/* Begin PBXFrameworksBuildPhase section */
		C2009FDD1BA1915D006377DD /* Frameworks */ = {
			isa = PBXFrameworksBuildPhase;
			buildActionMask = 2147483647;
			files = (
			);
			runOnlyForDeploymentPostprocessing = 0;
		};
		C2009FF21BA1915E006377DD /* Frameworks */ = {
			isa = PBXFrameworksBuildPhase;
			buildActionMask = 2147483647;
			files = (
			);
			runOnlyForDeploymentPostprocessing = 0;
		};
/* End PBXFrameworksBuildPhase section */

/* Begin PBXGroup section */
		C2009FD71BA1915D006377DD = {
			isa = PBXGroup;
			children = (
				C2009FE21BA1915D006377DD /* Hola mundo */,
				C2009FF81BA1915E006377DD /* Hola mundoTests */,
				C2009FE11BA1915D006377DD /* Products */,
			);
			sourceTree = "<group>";
		};
		C2009FE11BA1915D006377DD /* Products */ = {
			isa = PBXGroup;
			children = (
				C2009FE01BA1915D006377DD /* Hola mundo.app */,
				C2009FF51BA1915E006377DD /* Hola mundoTests.xctest */,
			);
			name = Products;
			sourceTree = "<group>";
		};
		C2009FE21BA1915D006377DD /* Hola mundo */ = {
			isa = PBXGroup;
			children = (
				C2009FE51BA1915D006377DD /* AppDelegate.swift */,
				C2009FE71BA1915D006377DD /* ViewController.swift */,
				C2009FE91BA1915E006377DD /* Main.storyboard */,
				C2009FEC1BA1915E006377DD /* Images.xcassets */,
				C2009FEE1BA1915E006377DD /* LaunchScreen.xib */,
				C2009FE31BA1915D006377DD /* Supporting Files */,
			);
			path = "Hola mundo";
			sourceTree = "<group>";
		};
		C2009FE31BA1915D006377DD /* Supporting Files */ = {
			isa = PBXGroup;
			children = (
				C2009FE41BA1915D006377DD /* Info.plist */,
			);
			name = "Supporting Files";
			sourceTree = "<group>";
		};
		C2009FF81BA1915E006377DD /* Hola mundoTests */ = {
			isa = PBXGroup;
			children = (
				C2009FFB1BA1915E006377DD /* Hola_mundoTests.swift */,
				C2009FF91BA1915E006377DD /* Supporting Files */,
			);
			path = "Hola mundoTests";
			sourceTree = "<group>";
		};
		C2009FF91BA1915E006377DD /* Supporting Files */ = {
			isa = PBXGroup;
			children = (
				C2009FFA1BA1915E006377DD /* Info.plist */,
			);
			name = "Supporting Files";
			sourceTree = "<group>";
		};
/* End PBXGroup section */

/* Begin PBXNativeTarget section */
		C2009FDF1BA1915D006377DD /* Hola mundo */ = {
			isa = PBXNativeTarget;
			buildConfigurationList = C2009FFF1BA1915E006377DD /* Build configuration list for PBXNativeTarget "Hola mundo" */;
			buildPhases = (
				C2009FDC1BA1915D006377DD /* Sources */,
				C2009FDD1BA1915D006377DD /* Frameworks */,
				C2009FDE1BA1915D006377DD /* Resources */,
			);
			buildRules = (
			);
			dependencies = (
			);
			name = "Hola mundo";
			productName = "Hola mundo";
			productReference = C2009FE01BA1915D006377DD /* Hola mundo.app */;
			productType = "com.apple.product-type.application";
		};
		C2009FF41BA1915E006377DD /* Hola mundoTests */ = {
			isa = PBXNativeTarget;
			buildConfigurationList = C200A0021BA1915E006377DD /* Build configuration list for PBXNativeTarget "Hola mundoTests" */;
			buildPhases = (
				C2009FF11BA1915E006377DD /* Sources */,
				C2009FF21BA1915E006377DD /* Frameworks */,
				C2009FF31BA1915E006377DD /* Resources */,
			);
			buildRules = (
			);
			dependencies = (
				C2009FF71BA1915E006377DD /* PBXTargetDependency */,
			);
			name = "Hola mundoTests";
			productName = "Hola mundoTests";
			productReference = C2009FF51BA1915E006377DD /* Hola mundoTests.xctest */;
			productType = "com.apple.product-type.bundle.unit-test";
		};
/* End PBXNativeTarget section */

/* Begin PBXProject section */
		C2009FD81BA1915D006377DD /* Project object */ = {
			isa = PBXProject;
			attributes = {
				LastUpgradeCheck = 0640;
				ORGANIZATIONNAME = "g304 DIT UPM";
				TargetAttributes = {
					C2009FDF1BA1915D006377DD = {
						CreatedOnToolsVersion = 6.4;
					};
					C2009FF41BA1915E006377DD = {
						CreatedOnToolsVersion = 6.4;
						TestTargetID = C2009FDF1BA1915D006377DD;
					};
				};
			};
			buildConfigurationList = C2009FDB1BA1915D006377DD /* Build configuration list for PBXProject "Hola mundo" */;
			compatibilityVersion = "Xcode 3.2";
			developmentRegion = English;
			hasScannedForEncodings = 0;
			knownRegions = (
				en,
				Base,
			);
			mainGroup = C2009FD71BA1915D006377DD;
			productRefGroup = C2009FE11BA1915D006377DD /* Products */;
			projectDirPath = "";
			projectRoot = "";
			targets = (
				C2009FDF1BA1915D006377DD /* Hola mundo */,
				C2009FF41BA1915E006377DD /* Hola mundoTests */,
			);
		};
/* End PBXProject section */

/* Begin PBXResourcesBuildPhase section */
		C2009FDE1BA1915D006377DD /* Resources */ = {
			isa = PBXResourcesBuildPhase;
			buildActionMask = 2147483647;
			files = (
				C2009FEB1BA1915E006377DD /* Main.storyboard in Resources */,
				C2009FF01BA1915E006377DD /* LaunchScreen.xib in Resources */,
				C2009FED1BA1915E006377DD /* Images.xcassets in Resources */,
			);
			runOnlyForDeploymentPostprocessing = 0;
		};
		C2009FF31BA1915E006377DD /* Resources */ = {
			isa = PBXResourcesBuildPhase;
			buildActionMask = 2147483647;
			files = (
			);
			runOnlyForDeploymentPostprocessing = 0;
		};
/* End PBXResourcesBuildPhase section */

/* Begin PBXSourcesBuildPhase section */
		C2009FDC1BA1915D006377DD /* Sources */ = {
			isa = PBXSourcesBuildPhase;
			buildActionMask = 2147483647;
			files = (
				C2009FE81BA1915D006377DD /* ViewController.swift in Sources */,
				C2009FE61BA1915D006377DD /* AppDelegate.swift in Sources */,
			);
			runOnlyForDeploymentPostprocessing = 0;
		};
		C2009FF11BA1915E006377DD /* Sources */ = {
			isa = PBXSourcesBuildPhase;
			buildActionMask = 2147483647;
			files = (
				C2009FFC1BA1915E006377DD /* Hola_mundoTests.swift in Sources */,
			);
			runOnlyForDeploymentPostprocessing = 0;
		};
/* End PBXSourcesBuildPhase section */

/* Begin PBXTargetDependency section */
		C2009FF71BA1915E006377DD /* PBXTargetDependency */ = {
			isa = PBXTargetDependency;
			target = C2009FDF1BA1915D006377DD /* Hola mundo */;
			targetProxy = C2009FF61BA1915E006377DD /* PBXContainerItemProxy */;
		};
/* End PBXTargetDependency section */

/* Begin PBXVariantGroup section */
		C2009FE91BA1915E006377DD /* Main.storyboard */ = {
			isa = PBXVariantGroup;
			children = (
				C2009FEA1BA1915E006377DD /* Base */,
			);
			name = Main.storyboard;
			sourceTree = "<group>";
		};
		C2009FEE1BA1915E006377DD /* LaunchScreen.xib */ = {
			isa = PBXVariantGroup;
			children = (
				C2009FEF1BA1915E006377DD /* Base */,
			);
			name = LaunchScreen.xib;
			sourceTree = "<group>";
		};
/* End PBXVariantGroup section */

/* Begin XCBuildConfiguration section */
		C2009FFD1BA1915E006377DD /* Debug */ = {
			isa = XCBuildConfiguration;
			buildSettings = {
				ALWAYS_SEARCH_USER_PATHS = NO;
				CLANG_CXX_LANGUAGE_STANDARD = "gnu++0x";
				CLANG_CXX_LIBRARY = "libc++";
				CLANG_ENABLE_MODULES = YES;
				CLANG_ENABLE_OBJC_ARC = YES;
				CLANG_WARN_BOOL_CONVERSION = YES;
				CLANG_WARN_CONSTANT_CONVERSION = YES;
				CLANG_WARN_DIRECT_OBJC_ISA_USAGE = YES_ERROR;
				CLANG_WARN_EMPTY_BODY = YES;
				CLANG_WARN_ENUM_CONVERSION = YES;
				CLANG_WARN_INT_CONVERSION = YES;
				CLANG_WARN_OBJC_ROOT_CLASS = YES_ERROR;
				CLANG_WARN_UNREACHABLE_CODE = YES;
				CLANG_WARN__DUPLICATE_METHOD_MATCH = YES;
				"CODE_SIGN_IDENTITY[sdk=iphoneos*]" = "iPhone Developer";
				COPY_PHASE_STRIP = NO;
				DEBUG_INFORMATION_FORMAT = "dwarf-with-dsym";
				ENABLE_STRICT_OBJC_MSGSEND = YES;
				GCC_C_LANGUAGE_STANDARD = gnu99;
				GCC_DYNAMIC_NO_PIC = NO;
				GCC_NO_COMMON_BLOCKS = YES;
				GCC_OPTIMIZATION_LEVEL = 0;
				GCC_PREPROCESSOR_DEFINITIONS = (
					"DEBUG=1",
					"$(inherited)",
				);
				GCC_SYMBOLS_PRIVATE_EXTERN = NO;
				GCC_WARN_64_TO_32_BIT_CONVERSION = YES;
				GCC_WARN_ABOUT_RETURN_TYPE = YES_ERROR;
				GCC_WARN_UNDECLARED_SELECTOR = YES;
				GCC_WARN_UNINITIALIZED_AUTOS = YES_AGGRESSIVE;
				GCC_WARN_UNUSED_FUNCTION = YES;
				GCC_WARN_UNUSED_VARIABLE = YES;
				IPHONEOS_DEPLOYMENT_TARGET = 8.4;
				MTL_ENABLE_DEBUG_INFO = YES;
				ONLY_ACTIVE_ARCH = YES;
				SDKROOT = iphoneos;
				SWIFT_OPTIMIZATION_LEVEL = "-Onone";
				TARGETED_DEVICE_FAMILY = "1,2";
			};
			name = Debug;
		};
		C2009FFE1BA1915E006377DD /* Release */ = {
			isa = XCBuildConfiguration;
			buildSettings = {
				ALWAYS_SEARCH_USER_PATHS = NO;
				CLANG_CXX_LANGUAGE_STANDARD = "gnu++0x";
				CLANG_CXX_LIBRARY = "libc++";
				CLANG_ENABLE_MODULES = YES;
				CLANG_ENABLE_OBJC_ARC = YES;
				CLANG_WARN_BOOL_CONVERSION = YES;
				CLANG_WARN_CONSTANT_CONVERSION = YES;
				CLANG_WARN_DIRECT_OBJC_ISA_USAGE = YES_ERROR;
				CLANG_WARN_EMPTY_BODY = YES;
				CLANG_WARN_ENUM_CONVERSION = YES;
				CLANG_WARN_INT_CONVERSION = YES;
				CLANG_WARN_OBJC_ROOT_CLASS = YES_ERROR;
				CLANG_WARN_UNREACHABLE_CODE = YES;
				CLANG_WARN__DUPLICATE_METHOD_MATCH = YES;
				"CODE_SIGN_IDENTITY[sdk=iphoneos*]" = "iPhone Developer";
				COPY_PHASE_STRIP = NO;
				DEBUG_INFORMATION_FORMAT = "dwarf-with-dsym";
				ENABLE_NS_ASSERTIONS = NO;
				ENABLE_STRICT_OBJC_MSGSEND = YES;
				GCC_C_LANGUAGE_STANDARD = gnu99;
				GCC_NO_COMMON_BLOCKS = YES;
				GCC_WARN_64_TO_32_BIT_CONVERSION = YES;
				GCC_WARN_ABOUT_RETURN_TYPE = YES_ERROR;
				GCC_WARN_UNDECLARED_SELECTOR = YES;
				GCC_WARN_UNINITIALIZED_AUTOS = YES_AGGRESSIVE;
				GCC_WARN_UNUSED_FUNCTION = YES;
				GCC_WARN_UNUSED_VARIABLE = YES;
				IPHONEOS_DEPLOYMENT_TARGET = 8.4;
				MTL_ENABLE_DEBUG_INFO = NO;
				SDKROOT = iphoneos;
				TARGETED_DEVICE_FAMILY = "1,2";
				VALIDATE_PRODUCT = YES;
			};
			name = Release;
		};
		C200A0001BA1915E006377DD /* Debug */ = {
			isa = XCBuildConfiguration;
			buildSettings = {
				ASSETCATALOG_COMPILER_APPICON_NAME = AppIcon;
				INFOPLIST_FILE = "Hola mundo/Info.plist";
				LD_RUNPATH_SEARCH_PATHS = "$(inherited) @executable_path/Frameworks";
				PRODUCT_NAME = "$(TARGET_NAME)";
			};
			name = Debug;
		};
		C200A0011BA1915E006377DD /* Release */ = {
			isa = XCBuildConfiguration;
			buildSettings = {
				ASSETCATALOG_COMPILER_APPICON_NAME = AppIcon;
				INFOPLIST_FILE = "Hola mundo/Info.plist";
				LD_RUNPATH_SEARCH_PATHS = "$(inherited) @executable_path/Frameworks";
				PRODUCT_NAME = "$(TARGET_NAME)";
			};
			name = Release;
		};
		C200A0031BA1915E006377DD /* Debug */ = {
			isa = XCBuildConfiguration;
			buildSettings = {
				BUNDLE_LOADER = "$(TEST_HOST)";
				FRAMEWORK_SEARCH_PATHS = (
					"$(SDKROOT)/Developer/Library/Frameworks",
					"$(inherited)",
				);
				GCC_PREPROCESSOR_DEFINITIONS = (
					"DEBUG=1",
					"$(inherited)",
				);
				INFOPLIST_FILE = "Hola mundoTests/Info.plist";
				LD_RUNPATH_SEARCH_PATHS = "$(inherited) @executable_path/Frameworks @loader_path/Frameworks";
				PRODUCT_NAME = "$(TARGET_NAME)";
				TEST_HOST = "$(BUILT_PRODUCTS_DIR)/Hola mundo.app/Hola mundo";
			};
			name = Debug;
		};
		C200A0041BA1915E006377DD /* Release */ = {
			isa = XCBuildConfiguration;
			buildSettings = {
				BUNDLE_LOADER = "$(TEST_HOST)";
				FRAMEWORK_SEARCH_PATHS = (
					"$(SDKROOT)/Developer/Library/Frameworks",
					"$(inherited)",
				);
				INFOPLIST_FILE = "Hola mundoTests/Info.plist";
				LD_RUNPATH_SEARCH_PATHS = "$(inherited) @executable_path/Frameworks @loader_path/Frameworks";
				PRODUCT_NAME = "$(TARGET_NAME)";
				TEST_HOST = "$(BUILT_PRODUCTS_DIR)/Hola mundo.app/Hola mundo";
			};
			name = Release;
		};
/* End XCBuildConfiguration section */

/* Begin XCConfigurationList section */
		C2009FDB1BA1915D006377DD /* Build configuration list for PBXProject "Hola mundo" */ = {
			isa = XCConfigurationList;
			buildConfigurations = (
				C2009FFD1BA1915E006377DD /* Debug */,
				C2009FFE1BA1915E006377DD /* Release */,
			);
			defaultConfigurationIsVisible = 0;
			defaultConfigurationName = Release;
		};
		C2009FFF1BA1915E006377DD /* Build configuration list for PBXNativeTarget "Hola mundo" */ = {
			isa = XCConfigurationList;
			buildConfigurations = (
				C200A0001BA1915E006377DD /* Debug */,
				C200A0011BA1915E006377DD /* Release */,
			);
			defaultConfigurationIsVisible = 0;
		};
		C200A0021BA1915E006377DD /* Build configuration list for PBXNativeTarget "Hola mundoTests" */ = {
			isa = XCConfigurationList;
			buildConfigurations = (
				C200A0031BA1915E006377DD /* Debug */,
				C200A0041BA1915E006377DD /* Release */,
			);
			defaultConfigurationIsVisible = 0;
		};
/* End XCConfigurationList section */
	};
	rootObject = C2009FD81BA1915D006377DD /* Project object */;
}
